{
  "name": "generateQuery",
  "description": "Generate queries from workbench settings",
  "handler": "service",
  "service": {
    "name": "core",
    "path": "/core/mergedTable/query"
  },
  "source": [
    {
      "type": "payload",
      "path": "data"
    },
    {
      "type": "constant",
      "value": "constant_value"
    }
  ]
}